
Microsoft Visual Studio Solution File, Format Version 12.00
# Visual Studio Version 17
VisualStudioVersion = 17.5.33530.505
MinimumVisualStudioVersion = 10.0.40219.1
Project("{FAE04EC0-301F-11D3-BF4B-00C04F79EFBC}") = "HOT6-EX1", "HOT6-EX1\HOT6-EX1.csproj", "{1C997E2D-60A7-46EA-BB64-B5F1E9B0633F}"
EndProject
Global
	GlobalSection(SolutionConfigurationPlatforms) = preSolution
		Debug|Any CPU = Debug|Any CPU
		Release|Any CPU = Release|Any CPU
	EndGlobalSection
	GlobalSection(ProjectConfigurationPlatforms) = postSolution
		{1C997E2D-60A7-46EA-BB64-B5F1E9B0633F}.Debug|Any CPU.ActiveCfg = Debug|Any CPU
		{1C997E2D-60A7-46EA-BB64-B5F1E9B0633F}.Debug|Any CPU.Build.0 = Debug|Any CPU
		{1C997E2D-60A7-46EA-BB64-B5F1E9B0633F}.Release|Any CPU.ActiveCfg = Release|Any CPU
		{1C997E2D-60A7-46EA-BB64-B5F1E9B0633F}.Release|Any CPU.Build.0 = Release|Any CPU
	EndGlobalSection
	GlobalSection(SolutionProperties) = preSolution
		HideSolutionNode = FALSE
	EndGlobalSection
	GlobalSection(ExtensibilityGlobals) = postSolution
		SolutionGuid = {827A2837-CF24-4FCB-9A40-CC58E7A6C434}
	EndGlobalSection
EndGlobal
