
Microsoft Visual Studio Solution File, Format Version 12.00
# Visual Studio Version 17
VisualStudioVersion = 17.6.33717.318
MinimumVisualStudioVersion = 10.0.40219.1
Project("{9A19103F-16F7-4668-BE54-9A1E7A4F7556}") = "HOT-2ShirtDiscountGUI", "HOT-2ShirtDiscountGUI\HOT-2ShirtDiscountGUI.csproj", "{6F89A54F-5D2D-4F28-9876-7B3D9EE10884}"
EndProject
Project("{9A19103F-16F7-4668-BE54-9A1E7A4F7556}") = "GPA2LetterGradeGUI", "GPA2LetterGradeGUI\GPA2LetterGradeGUI.csproj", "{1503E0C4-7979-4B79-8E9A-19EFF9EC0FD4}"
EndProject
Project("{FAE04EC0-301F-11D3-BF4B-00C04F79EFBC}") = "GPA2LetterGradeConsole", "GPA2LetterGradeConsole\GPA2LetterGradeConsole.csproj", "{3563F8CB-D111-4385-BE23-2E30E83DFD62}"
EndProject
Global
	GlobalSection(SolutionConfigurationPlatforms) = preSolution
		Debug|Any CPU = Debug|Any CPU
		Release|Any CPU = Release|Any CPU
	EndGlobalSection
	GlobalSection(ProjectConfigurationPlatforms) = postSolution
		{6F89A54F-5D2D-4F28-9876-7B3D9EE10884}.Debug|Any CPU.ActiveCfg = Debug|Any CPU
		{6F89A54F-5D2D-4F28-9876-7B3D9EE10884}.Debug|Any CPU.Build.0 = Debug|Any CPU
		{6F89A54F-5D2D-4F28-9876-7B3D9EE10884}.Release|Any CPU.ActiveCfg = Release|Any CPU
		{6F89A54F-5D2D-4F28-9876-7B3D9EE10884}.Release|Any CPU.Build.0 = Release|Any CPU
		{1503E0C4-7979-4B79-8E9A-19EFF9EC0FD4}.Debug|Any CPU.ActiveCfg = Debug|Any CPU
		{1503E0C4-7979-4B79-8E9A-19EFF9EC0FD4}.Debug|Any CPU.Build.0 = Debug|Any CPU
		{1503E0C4-7979-4B79-8E9A-19EFF9EC0FD4}.Release|Any CPU.ActiveCfg = Release|Any CPU
		{1503E0C4-7979-4B79-8E9A-19EFF9EC0FD4}.Release|Any CPU.Build.0 = Release|Any CPU
		{3563F8CB-D111-4385-BE23-2E30E83DFD62}.Debug|Any CPU.ActiveCfg = Debug|Any CPU
		{3563F8CB-D111-4385-BE23-2E30E83DFD62}.Debug|Any CPU.Build.0 = Debug|Any CPU
		{3563F8CB-D111-4385-BE23-2E30E83DFD62}.Release|Any CPU.ActiveCfg = Release|Any CPU
		{3563F8CB-D111-4385-BE23-2E30E83DFD62}.Release|Any CPU.Build.0 = Release|Any CPU
	EndGlobalSection
	GlobalSection(SolutionProperties) = preSolution
		HideSolutionNode = FALSE
	EndGlobalSection
	GlobalSection(ExtensibilityGlobals) = postSolution
		SolutionGuid = {705FE328-BE42-4913-AC78-3522404F285D}
	EndGlobalSection
EndGlobal
