
Microsoft Visual Studio Solution File, Format Version 12.00
# Visual Studio Version 17
VisualStudioVersion = 17.5.33530.505
MinimumVisualStudioVersion = 10.0.40219.1
Project("{FAE04EC0-301F-11D3-BF4B-00C04F79EFBC}") = "HOT6-EX1", "HOT6-EX1\HOT6-EX1.csproj", "{0BDCFBFF-C4A7-45B5-B2B3-0CDD7237B212}"
EndProject
Project("{FAE04EC0-301F-11D3-BF4B-00C04F79EFBC}") = "HOT6-EX2", "HOT6-EX2\HOT6-EX2.csproj", "{2D240E9E-7D4C-42C6-AC4C-432B872BAB28}"
EndProject
Global
	GlobalSection(SolutionConfigurationPlatforms) = preSolution
		Debug|Any CPU = Debug|Any CPU
		Release|Any CPU = Release|Any CPU
	EndGlobalSection
	GlobalSection(ProjectConfigurationPlatforms) = postSolution
		{0BDCFBFF-C4A7-45B5-B2B3-0CDD7237B212}.Debug|Any CPU.ActiveCfg = Debug|Any CPU
		{0BDCFBFF-C4A7-45B5-B2B3-0CDD7237B212}.Debug|Any CPU.Build.0 = Debug|Any CPU
		{0BDCFBFF-C4A7-45B5-B2B3-0CDD7237B212}.Release|Any CPU.ActiveCfg = Release|Any CPU
		{0BDCFBFF-C4A7-45B5-B2B3-0CDD7237B212}.Release|Any CPU.Build.0 = Release|Any CPU
		{2D240E9E-7D4C-42C6-AC4C-432B872BAB28}.Debug|Any CPU.ActiveCfg = Debug|Any CPU
		{2D240E9E-7D4C-42C6-AC4C-432B872BAB28}.Debug|Any CPU.Build.0 = Debug|Any CPU
		{2D240E9E-7D4C-42C6-AC4C-432B872BAB28}.Release|Any CPU.ActiveCfg = Release|Any CPU
		{2D240E9E-7D4C-42C6-AC4C-432B872BAB28}.Release|Any CPU.Build.0 = Release|Any CPU
	EndGlobalSection
	GlobalSection(SolutionProperties) = preSolution
		HideSolutionNode = FALSE
	EndGlobalSection
	GlobalSection(ExtensibilityGlobals) = postSolution
		SolutionGuid = {D85B092A-912F-494B-837D-3BB64819C97D}
	EndGlobalSection
EndGlobal
